
Microsoft Visual Studio Solution File, Format Version 12.00
# Visual Studio Version 16
VisualStudioVersion = 16.0.28527.54
MinimumVisualStudioVersion = 10.0.40219.1
Project("{FAE04EC0-301F-11D3-BF4B-00C04F79EFBC}") = "DbTests", "DbTests.csproj", "{531C71C2-35E1-40B5-95B0-3297903D5B62}"
EndProject
Global
	GlobalSection(SolutionConfigurationPlatforms) = preSolution
		Debug|Any CPU = Debug|Any CPU
		Release|Any CPU = Release|Any CPU
	EndGlobalSection
	GlobalSection(ProjectConfigurationPlatforms) = postSolution
		{531C71C2-35E1-40B5-95B0-3297903D5B62}.Debug|Any CPU.ActiveCfg = Debug|Any CPU
		{531C71C2-35E1-40B5-95B0-3297903D5B62}.Debug|Any CPU.Build.0 = Debug|Any CPU
		{531C71C2-35E1-40B5-95B0-3297903D5B62}.Release|Any CPU.ActiveCfg = Release|Any CPU
		{531C71C2-35E1-40B5-95B0-3297903D5B62}.Release|Any CPU.Build.0 = Release|Any CPU
	EndGlobalSection
	GlobalSection(SolutionProperties) = preSolution
		HideSolutionNode = FALSE
	EndGlobalSection
	GlobalSection(ExtensibilityGlobals) = postSolution
		SolutionGuid = {8AD76794-87A2-4F5E-B814-AE9904898BA6}
	EndGlobalSection
EndGlobal
